
Microsoft Visual Studio Solution File, Format Version 12.00
# Visual Studio Version 16
VisualStudioVersion = 16.0.30320.27
MinimumVisualStudioVersion = 10.0.40219.1
Project("{8BC9CEB8-8B4A-11D0-8D11-00A0C91BC942}") = "JsonLibrary", "JsonLibrary\JsonLibrary.vcxproj", "{EF2DF34A-3598-4E9B-976C-0D9A4565BF2E}"
EndProject
Project("{8BC9CEB8-8B4A-11D0-8D11-00A0C91BC942}") = "DemonstračníAplikace", "DemonstračníAplikace\DemonstračníAplikace.vcxproj", "{C95F645A-6F4C-4689-9786-8219A3C71D1D}"
	ProjectSection(ProjectDependencies) = postProject
		{EF2DF34A-3598-4E9B-976C-0D9A4565BF2E} = {EF2DF34A-3598-4E9B-976C-0D9A4565BF2E}
	EndProjectSection
EndProject
Global
	GlobalSection(SolutionConfigurationPlatforms) = preSolution
		Debug|x64 = Debug|x64
		Debug|x86 = Debug|x86
		Release|x64 = Release|x64
		Release|x86 = Release|x86
	EndGlobalSection
	GlobalSection(ProjectConfigurationPlatforms) = postSolution
		{EF2DF34A-3598-4E9B-976C-0D9A4565BF2E}.Debug|x64.ActiveCfg = Debug|x64
		{EF2DF34A-3598-4E9B-976C-0D9A4565BF2E}.Debug|x64.Build.0 = Debug|x64
		{EF2DF34A-3598-4E9B-976C-0D9A4565BF2E}.Debug|x86.ActiveCfg = Debug|Win32
		{EF2DF34A-3598-4E9B-976C-0D9A4565BF2E}.Debug|x86.Build.0 = Debug|Win32
		{EF2DF34A-3598-4E9B-976C-0D9A4565BF2E}.Release|x64.ActiveCfg = Release|x64
		{EF2DF34A-3598-4E9B-976C-0D9A4565BF2E}.Release|x64.Build.0 = Release|x64
		{EF2DF34A-3598-4E9B-976C-0D9A4565BF2E}.Release|x86.ActiveCfg = Release|Win32
		{EF2DF34A-3598-4E9B-976C-0D9A4565BF2E}.Release|x86.Build.0 = Release|Win32
		{C95F645A-6F4C-4689-9786-8219A3C71D1D}.Debug|x64.ActiveCfg = Debug|x64
		{C95F645A-6F4C-4689-9786-8219A3C71D1D}.Debug|x64.Build.0 = Debug|x64
		{C95F645A-6F4C-4689-9786-8219A3C71D1D}.Debug|x86.ActiveCfg = Debug|Win32
		{C95F645A-6F4C-4689-9786-8219A3C71D1D}.Debug|x86.Build.0 = Debug|Win32
		{C95F645A-6F4C-4689-9786-8219A3C71D1D}.Release|x64.ActiveCfg = Release|x64
		{C95F645A-6F4C-4689-9786-8219A3C71D1D}.Release|x64.Build.0 = Release|x64
		{C95F645A-6F4C-4689-9786-8219A3C71D1D}.Release|x86.ActiveCfg = Release|Win32
		{C95F645A-6F4C-4689-9786-8219A3C71D1D}.Release|x86.Build.0 = Release|Win32
	EndGlobalSection
	GlobalSection(SolutionProperties) = preSolution
		HideSolutionNode = FALSE
	EndGlobalSection
	GlobalSection(ExtensibilityGlobals) = postSolution
		SolutionGuid = {65366167-366D-4B2C-A866-D78136808D19}
	EndGlobalSection
EndGlobal
